github.com/spf13/cobra v1.2.1 h1:Z0d7Cp5i/PBb3tqG1yQb0OFW8lOoR7F0jwI2d7cZXaA=
github.com/spf13/cobra v1.2.1/go.mod h1:7Gqgs1UjZ6UW8H4/4fUg/6CTkwMDNcW8BQ2NlL/iT6k=
github.com/spf13/pflag v1.0.5 h1:v8GvL+jhspwthwLpIkki5/NhJZv5z3okq3ytCjzLLNg=
github.com/spf13/pflag v1.0.5/go.mod h1:KQIzJofcP9iOjrY8OvYF7ft03q3IQiik7UW8sUzB6g4=
github.com/spf13/viper v1.9.0 h1:hn0EuQlucU6ziGZ6JBtgCf4Dnn4e08+6Bbyy67MLTTw=
github.com/spf13/viper v1.9.0/go.mod h1:9aVYdGWfYv7V99bb3qDCE/ikW5J5/lvJKghq1xqC9+M=
golang.org/x/crypto v0.0.0-20210901150054-e82e6f5c6ff2 h1:QW1UL8HAlEdRQW8xOrMTXnJ3kmmsF/QkCwhR+sYfww=
golang.org/x/crypto v0.0.0-20210901150054-e82e6f5c6ff2/go.mod h1:QWwMF/gLHfKruyzbGmHyyOaZz8AVv9g+rY+BMC7VUHw=
golang.org/x/sys v0.0.0-20210630005230-0f9fa26af87c h1:3NhLxEy7vQBYnnRok72SwhlKzC22Zcxf9XoYDJ+Fn4I=
golang.org/x/sys v0.0.0-20210630005230-0f9fa26af87c/go.mod h1:16wJ5u6c1StH0+cI6nz+2o89JxV7vg9KKYlhud2C2Qw=
golang.org/x/term v0.0.0-20210630005202-7de9c90e9dd1/go.mod h1:RCvub+iGhOVofrF3nKhkW+ZBcXQTP1gY2QjrOyOWlK0=
golang.org/x/term v0.0.0-20210630005202-7de9c90e9dd1 h1:ROvCNo/3elq3/Jr8xLW2Mv/4e4Yq3lKnsDw+20Fv7k4=
github.com/stretchr/testify v1.7.0/go.mod h1:RHgTOU6o5u6ASIM
